<?xml version="1.0" encoding="utf-8"?>
<Project ToolsVersion="4.0" xmlns="http://schemas.microsoft.com/developer/msbuild/2003">
  <ItemGroup>
    <Filter Include="Source Files">
      <UniqueIdentifier>{4FC737F1-C7A5-4376-A066-2A32D752A2FF}</UniqueIdentifier>
      <Extensions>cpp;c;cc;cxx;def;odl;idl;hpj;bat;asm;asmx</Extensions>
    </Filter>
    <Filter Include="Header Files">
      <UniqueIdentifier>{93995380-89BD-4b04-88EB-625FBE52EBFB}</UniqueIdentifier>
      <Extensions>h;hpp;hxx;hm;inl;inc;xsd</Extensions>
    </Filter>
    <Filter Include="Resource Files">
      <UniqueIdentifier>{67DA6AB6-F800-4c08-8B7A-83BB121AAD01}</UniqueIdentifier>
      <Extensions>rc;ico;cur;bmp;dlg;rc2;rct;bin;rgs;gif;jpg;jpeg;jpe;resx;tiff;tif;png;wav</Extensions>
    </Filter>
    <Filter Include="Source Files\runKernel">
      <UniqueIdentifier>{de8f6dce-68c8-4868-8200-a23a9cb58bd3}</UniqueIdentifier>
    </Filter>
    <Filter Include="Source Files\invoke">
      <UniqueIdentifier>{e82c094a-4417-42b8-842e-297cb99046ea}</UniqueIdentifier>
    </Filter>
    <Filter Include="Source Files\gpuElement">
      <UniqueIdentifier>{dfe1bbc2-866d-413b-9d2b-bb5280c3400c}</UniqueIdentifier>
    </Filter>
  </ItemGroup>
  <ItemGroup>
    <ClInclude Include="include\com_amd_aparapi_KernelRunner.h">
      <Filter>Header Files</Filter>
    </ClInclude>
    <ClInclude Include="src\cpp\aparapi.h">
      <Filter>Header Files</Filter>
    </ClInclude>
    <ClInclude Include="src\cpp\jniHelper.h">
      <Filter>Header Files</Filter>
    </ClInclude>
    <ClInclude Include="src\cpp\common.h">
      <Filter>Header Files</Filter>
    </ClInclude>
    <ClInclude Include="src\cpp\opencljni.h">
      <Filter>Header Files</Filter>
    </ClInclude>
    <ClInclude Include="src\cpp\clHelper.h">
      <Filter>Header Files</Filter>
    </ClInclude>
    <ClInclude Include="include\com_amd_aparapi_OpenCLJNI.h">
      <Filter>Header Files</Filter>
    </ClInclude>
    <ClInclude Include="src\cpp\classtools.h">
      <Filter>Source Files</Filter>
    </ClInclude>
    <ClInclude Include="src\cpp\CLException.h">
      <Filter>Source Files</Filter>
    </ClInclude>
    <ClInclude Include="src\cpp\invoke\JavaArgs.h">
      <Filter>Source Files\invoke</Filter>
    </ClInclude>
    <ClInclude Include="src\cpp\invoke\OpenCLArgDescriptor.h">
      <Filter>Source Files\invoke</Filter>
    </ClInclude>
    <ClInclude Include="src\cpp\invoke\OpenCLJNI.h">
      <Filter>Source Files\invoke</Filter>
    </ClInclude>
    <ClInclude Include="src\cpp\invoke\OpenCLKernel.h">
      <Filter>Source Files\invoke</Filter>
    </ClInclude>
    <ClInclude Include="src\cpp\invoke\OpenCLMem.h">
      <Filter>Source Files\invoke</Filter>
    </ClInclude>
    <ClInclude Include="src\cpp\invoke\OpenCLProgram.h">
      <Filter>Source Files\invoke</Filter>
    </ClInclude>
    <ClInclude Include="src\cpp\runKernel\Aparapi.h">
      <Filter>Source Files\runKernel</Filter>
    </ClInclude>
    <ClInclude Include="src\cpp\runKernel\Config.h">
      <Filter>Source Files\runKernel</Filter>
    </ClInclude>
    <ClInclude Include="src\cpp\runKernel\KernelArg.h">
      <Filter>Source Files\runKernel</Filter>
    </ClInclude>
    <ClInclude Include="src\cpp\runKernel\List.h">
      <Filter>Source Files\runKernel</Filter>
    </ClInclude>
    <ClInclude Include="src\cpp\runKernel\ProfileInfo.h">
      <Filter>Source Files\runKernel</Filter>
    </ClInclude>
    <ClInclude Include="src\cpp\runKernel\Range.h">
      <Filter>Source Files\runKernel</Filter>
    </ClInclude>
    <ClInclude Include="src\cpp\runKernel\AparapiBuffer.h">
      <Filter>Source Files\gpuElement</Filter>
    </ClInclude>
    <ClInclude Include="src\cpp\runKernel\ArrayBuffer.h">
      <Filter>Source Files\gpuElement</Filter>
    </ClInclude>
    <ClInclude Include="src\cpp\runKernel\GPUElement.h">
      <Filter>Source Files\gpuElement</Filter>
    </ClInclude>
    <ClInclude Include="src\cpp\runKernel\BufferManager.h">
      <Filter>Source Files\gpuElement</Filter>
    </ClInclude>
    <ClInclude Include="src\cpp\runKernel\KernelContext.h">
      <Filter>Source Files\runKernel</Filter>
    </ClInclude>
  </ItemGroup>
  <ItemGroup>
    <ClCompile Include="src\cpp\agent.cpp">
      <Filter>Source Files</Filter>
    </ClCompile>
    <ClCompile Include="src\cpp\classtools.cpp">
      <Filter>Source Files</Filter>
    </ClCompile>
    <ClCompile Include="src\cpp\CLHelper.cpp">
      <Filter>Source Files</Filter>
    </ClCompile>
    <ClCompile Include="src\cpp\cltest.cpp">
      <Filter>Source Files</Filter>
    </ClCompile>
    <ClCompile Include="src\cpp\JNIHelper.cpp">
      <Filter>Source Files</Filter>
    </ClCompile>
    <ClCompile Include="src\cpp\invoke\OpenCLArgDescriptor.cpp">
      <Filter>Source Files\invoke</Filter>
    </ClCompile>
    <ClCompile Include="src\cpp\invoke\OpenCLJNI.cpp">
      <Filter>Source Files\invoke</Filter>
    </ClCompile>
    <ClCompile Include="src\cpp\invoke\OpenCLMem.cpp">
      <Filter>Source Files\invoke</Filter>
    </ClCompile>
    <ClCompile Include="src\cpp\runKernel\Aparapi.cpp">
      <Filter>Source Files\runKernel</Filter>
    </ClCompile>
    <ClCompile Include="src\cpp\runKernel\Config.cpp">
      <Filter>Source Files\runKernel</Filter>
    </ClCompile>
    <ClCompile Include="src\cpp\runKernel\KernelArg.cpp">
      <Filter>Source Files\runKernel</Filter>
    </ClCompile>
    <ClCompile Include="src\cpp\runKernel\ProfileInfo.cpp">
      <Filter>Source Files\runKernel</Filter>
    </ClCompile>
    <ClCompile Include="src\cpp\runKernel\Range.cpp">
      <Filter>Source Files\runKernel</Filter>
    </ClCompile>
    <ClCompile Include="src\cpp\runKernel\AparapiBuffer.cpp">
      <Filter>Source Files\gpuElement</Filter>
    </ClCompile>
    <ClCompile Include="src\cpp\runKernel\ArrayBuffer.cpp">
      <Filter>Source Files\gpuElement</Filter>
    </ClCompile>
    <ClCompile Include="src\cpp\runKernel\GPUElement.cpp">
      <Filter>Source Files\gpuElement</Filter>
    </ClCompile>
    <ClCompile Include="src\cpp\runKernel\BufferManager.cpp">
      <Filter>Source Files\gpuElement</Filter>
    </ClCompile>
    <ClCompile Include="src\cpp\runKernel\KernelContext.cpp">
      <Filter>Source Files\runKernel</Filter>
    </ClCompile>
  </ItemGroup>
</Project>